	<Project xmlns="http://schemas.microsoft.com/developer/msbuild/2003">
		<PropertyGroup>
			<ProjectGuid>{08DC0990-61A7-45B2-BFC7-01B6F0E33AAC}</ProjectGuid>
			<ProjectVersion>13.4</ProjectVersion>
			<FrameworkType>VCL</FrameworkType>
			<MainSource>phxParticleEditor.dpr</MainSource>
			<Base>True</Base>
			<Config Condition="'$(Config)'==''">Release</Config>
			<Platform Condition="'$(Platform)'==''">Win32</Platform>
			<TargetedPlatforms>1</TargetedPlatforms>
			<AppType>Application</AppType>
		</PropertyGroup>
		<PropertyGroup Condition="'$(Config)'=='Base' or '$(Base)'!=''">
			<Base>true</Base>
		</PropertyGroup>
		<PropertyGroup Condition="('$(Platform)'=='Win64' and '$(Base)'=='true') or '$(Base_Win64)'!=''">
			<Base_Win64>true</Base_Win64>
			<CfgParent>Base</CfgParent>
			<Base>true</Base>
		</PropertyGroup>
		<PropertyGroup Condition="('$(Platform)'=='Win32' and '$(Base)'=='true') or '$(Base_Win32)'!=''">
			<Base_Win32>true</Base_Win32>
			<CfgParent>Base</CfgParent>
			<Base>true</Base>
		</PropertyGroup>
		<PropertyGroup Condition="'$(Config)'=='Debug' or '$(Cfg_1)'!=''">
			<Cfg_1>true</Cfg_1>
			<CfgParent>Base</CfgParent>
			<Base>true</Base>
		</PropertyGroup>
		<PropertyGroup Condition="('$(Platform)'=='Win32' and '$(Cfg_1)'=='true') or '$(Cfg_1_Win32)'!=''">
			<Cfg_1_Win32>true</Cfg_1_Win32>
			<CfgParent>Cfg_1</CfgParent>
			<Cfg_1>true</Cfg_1>
			<Base>true</Base>
		</PropertyGroup>
		<PropertyGroup Condition="'$(Config)'=='Release' or '$(Cfg_2)'!=''">
			<Cfg_2>true</Cfg_2>
			<CfgParent>Base</CfgParent>
			<Base>true</Base>
		</PropertyGroup>
		<PropertyGroup Condition="'$(Base)'!=''">
			<DCC_UnitSearchPath>..\;..\..\Source;..\..\Source\Headers;..\..\Source\Providers;..\_Library;$(DCC_UnitSearchPath)</DCC_UnitSearchPath>
			<DCC_UsePackage>bindcompfmx;fmx;rtl;dbrtl;IndySystem;DbxClientDriver;bindcomp;DBXInterBaseDriver;xmlrtl;DbxCommonDriver;IndyProtocols;DBXMySQLDriver;dbxcds;bindengine;CustomIPTransport;dsnap;fmxase;IndyCore;inet;fmxobj;fmxdae;IPIndyImpl;dbexpress;$(DCC_UsePackage)</DCC_UsePackage>
			<DCC_Namespace>System;Xml;Data;Datasnap;Web;Soap;Vcl;Vcl.Imaging;Vcl.Touch;Vcl.Samples;Vcl.Shell;$(DCC_Namespace)</DCC_Namespace>
			<Icon_MainIcon>phxParticleEditor.ico</Icon_MainIcon>
			<Manifest_File>None</Manifest_File>
			<VerInfo_Locale>1053</VerInfo_Locale>
			<VerInfo_Keys>CompanyName=;FileDescription=;FileVersion=1.0.0.0;InternalName=;LegalCopyright=;LegalTrademarks=;OriginalFilename=;ProductName=;ProductVersion=1.0.0.0;Comments=</VerInfo_Keys>
			<DCC_DcuOutput>..\_Compiled</DCC_DcuOutput>
			<DCC_ExeOutput>..\..\Binary</DCC_ExeOutput>
		</PropertyGroup>
		<PropertyGroup Condition="'$(Base_Win64)'!=''">
			<DCC_UsePackage>vclimg;vclactnband;vcldb;vcldsnap;bindcompvcl;SynEdit_RXE2;vcltouch;VclSmp;vcl;dsnapcon;vclx;VirtualTreesR;adortl;$(DCC_UsePackage)</DCC_UsePackage>
		</PropertyGroup>
		<PropertyGroup Condition="'$(Base_Win32)'!=''">
			<DCC_UsePackage>JvWizards;JvGlobus;JvMM;JvManagedThreads;JvHMI;JvBands;vcldbx;SynEditHighlighters;frx16;TeeDB;VirtualTreesD;JvDlgs;JvCrypt;Rave100VCL;vclib;Tee;JclContainers;JvPluginSystem;JvCmp;JvNet;JvSystem;svnui;ibxpress;JvControls;vclimg;JvDotNetCtrls;fmi;intrawebdb_120_160;frxDB16;fs16;TeeUI;FMXTee;vclactnband;vcldb;vcldsnap;bindcompvcl;JvStdCtrls;JvCustom;Jcl;JvJans;JvPageComps;JvPrintPreview;JvTimeFramework;JvXPCtrls;SynEdit_RXE2;vcltouch;Intraweb_120_160;JvCore;vclribbon;VclSmp;frxe16;fsDB16;vcl;CloudService;FmxTeeUI;dsnapcon;SQLiteDelphi_2010;JclVcl;JvAppFrm;JvDB;JvPascalInterpreter;vclx;JvRuntimeDesign;svn;JclDeveloperTools;bdertl;VirtualTreesR;JvDocking;adortl;JvBDE;$(DCC_UsePackage)</DCC_UsePackage>
			<VerInfo_IncludeVerInfo>true</VerInfo_IncludeVerInfo>
			<DCC_Namespace>Winapi;System.Win;Data.Win;Datasnap.Win;Web.Win;Soap.Win;Xml.Win;Bde;$(DCC_Namespace)</DCC_Namespace>
			<VerInfo_Locale>1033</VerInfo_Locale>
			<Manifest_File>$(BDS)\bin\default_app.manifest</Manifest_File>
		</PropertyGroup>
		<PropertyGroup Condition="'$(Cfg_1)'!=''">
			<DCC_Define>DEBUG;$(DCC_Define)</DCC_Define>
			<DCC_Optimize>false</DCC_Optimize>
			<DCC_GenerateStackFrames>true</DCC_GenerateStackFrames>
			<DCC_DebugInfoInExe>true</DCC_DebugInfoInExe>
			<DCC_RemoteDebug>true</DCC_RemoteDebug>
		</PropertyGroup>
		<PropertyGroup Condition="'$(Cfg_1_Win32)'!=''">
			<Manifest_File>$(BDS)\bin\default_app.manifest</Manifest_File>
			<VerInfo_IncludeVerInfo>true</VerInfo_IncludeVerInfo>
			<VerInfo_Locale>1033</VerInfo_Locale>
			<DCC_RemoteDebug>false</DCC_RemoteDebug>
		</PropertyGroup>
		<PropertyGroup Condition="'$(Cfg_2)'!=''">
			<DCC_LocalDebugSymbols>false</DCC_LocalDebugSymbols>
			<DCC_Define>RELEASE;$(DCC_Define)</DCC_Define>
			<DCC_SymbolReferenceInfo>0</DCC_SymbolReferenceInfo>
			<DCC_DebugInformation>false</DCC_DebugInformation>
		</PropertyGroup>
		<ItemGroup>
			<DelphiCompile Include="$(MainSource)">
				<MainSource>MainSource</MainSource>
			</DelphiCompile>
			<DCCReference Include="Source\uMain.pas">
				<Form>FrmMain</Form>
				<FormType>dfm</FormType>
			</DCCReference>
			<DCCReference Include="Source\uActions.pas">
				<Form>ModActions</Form>
				<FormType>dfm</FormType>
				<DesignClass>TDataModule</DesignClass>
			</DCCReference>
			<DCCReference Include="Source\uEditor.pas"/>
			<DCCReference Include="Source\Effect\uEffect.Basic.pas">
				<Form>FrmEffectBasic</Form>
				<FormType>dfm</FormType>
				<DesignClass>TFrame</DesignClass>
			</DCCReference>
			<DCCReference Include="Source\Effect\uEffect.Apperance.pas">
				<Form>FrmEffectApperance</Form>
				<FormType>dfm</FormType>
				<DesignClass>TFrame</DesignClass>
			</DCCReference>
			<DCCReference Include="Source\Effect\uEffect.Physics.pas">
				<Form>FrmEffectPhysics</Form>
				<FormType>dfm</FormType>
				<DesignClass>TFrame</DesignClass>
			</DCCReference>
			<DCCReference Include="Source\Effect\uEffect.Emittor.pas">
				<Form>FrmEffectEmittor</Form>
				<FormType>dfm</FormType>
				<DesignClass>TFrame</DesignClass>
			</DCCReference>
			<DCCReference Include="Source\uPreview.pas">
				<Form>FrmEffectPreview</Form>
				<FormType>dfm</FormType>
				<DesignClass>TFrame</DesignClass>
			</DCCReference>
			<DCCReference Include="Source\Dialogs\uDialog.Texture.pas">
				<Form>TextureDialog</Form>
				<FormType>dfm</FormType>
			</DCCReference>
			<DCCReference Include="Source\Effect\uEffect.Affector.pas">
				<Form>FrmEffectAffector</Form>
				<FormType>dfm</FormType>
				<DesignClass>TFrame</DesignClass>
			</DCCReference>
			<DCCReference Include="Source\Effect\uEffect.pas">
				<Form>FrmEffect</Form>
				<FormType>dfm</FormType>
				<DesignClass>TFrame</DesignClass>
			</DCCReference>
			<DCCReference Include="Source\Affector\uAffector.Attractor.pas">
				<Form>FrmAffectorAttractor</Form>
				<FormType>dfm</FormType>
				<DesignClass>TFrame</DesignClass>
			</DCCReference>
			<DCCReference Include="Source\uSystems.pas">
				<Form>FrmSystems</Form>
				<FormType>dfm</FormType>
				<DesignClass>TFrame</DesignClass>
			</DCCReference>
			<DCCReference Include="Source\Graphs\uGraph1f.pas"/>
			<DCCReference Include="Source\Debug\uDebugParticles.pas">
				<Form>FrmDebugParticles</Form>
				<FormType>dfm</FormType>
			</DCCReference>
			<DCCReference Include="Source\Debug\uDebugGraphs.pas">
				<Form>FrmDebugGraphs</Form>
				<FormType>dfm</FormType>
			</DCCReference>
			<DCCReference Include="Source\Graphs\uGraphRGB.pas">
				<Form>FrmGraphRGB</Form>
				<DesignClass>TFrame</DesignClass>
			</DCCReference>
			<DCCReference Include="Source\Graphs\uGraphs.pas"/>
			<DCCReference Include="Source\Points\uEmissionPoints.pas">
				<Form>FrmEmissionPoints</Form>
				<FormType>dfm</FormType>
			</DCCReference>
			<DCCReference Include="Source\Points\uEmissionPoints.Bitmap.pas">
				<Form>FrmEmittorTemplateBitmap</Form>
				<DesignClass>TFrame</DesignClass>
			</DCCReference>
			<DCCReference Include="Source\Points\uEmissionPoints.Box.pas">
				<Form>FrmEmittorTemplateBox</Form>
				<DesignClass>TFrame</DesignClass>
			</DCCReference>
			<DCCReference Include="Source\Points\uEmissionPoints.Circle.pas">
				<Form>FrmEmittorTemplateCircle</Form>
				<DesignClass>TFrame</DesignClass>
			</DCCReference>
			<DCCReference Include="Source\Points\uEmissionPoints.Line.pas">
				<Form>FrmEmittorTemplateLine</Form>
				<DesignClass>TFrame</DesignClass>
			</DCCReference>
			<DCCReference Include="Source\Dialogs\uDialog.Pattern.pas">
				<Form>PatternDialog</Form>
				<FormType>dfm</FormType>
			</DCCReference>
			<DCCReference Include="Source\Affector\uAffector.Default.pas">
				<Form>FrmAffectorDefault</Form>
				<FormType>dfm</FormType>
				<DesignClass>TFrame</DesignClass>
			</DCCReference>
			<BuildConfiguration Include="Release">
				<Key>Cfg_2</Key>
				<CfgParent>Base</CfgParent>
			</BuildConfiguration>
			<BuildConfiguration Include="Base">
				<Key>Base</Key>
			</BuildConfiguration>
			<BuildConfiguration Include="Debug">
				<Key>Cfg_1</Key>
				<CfgParent>Base</CfgParent>
			</BuildConfiguration>
		</ItemGroup>
		<ProjectExtensions>
			<Borland.Personality>Delphi.Personality.12</Borland.Personality>
			<Borland.ProjectType/>
			<BorlandProject>
				<Delphi.Personality>
					<VersionInfo>
						<VersionInfo Name="IncludeVerInfo">False</VersionInfo>
						<VersionInfo Name="AutoIncBuild">False</VersionInfo>
						<VersionInfo Name="MajorVer">1</VersionInfo>
						<VersionInfo Name="MinorVer">0</VersionInfo>
						<VersionInfo Name="Release">0</VersionInfo>
						<VersionInfo Name="Build">0</VersionInfo>
						<VersionInfo Name="Debug">False</VersionInfo>
						<VersionInfo Name="PreRelease">False</VersionInfo>
						<VersionInfo Name="Special">False</VersionInfo>
						<VersionInfo Name="Private">False</VersionInfo>
						<VersionInfo Name="DLL">False</VersionInfo>
						<VersionInfo Name="Locale">1053</VersionInfo>
						<VersionInfo Name="CodePage">1252</VersionInfo>
					</VersionInfo>
					<VersionInfoKeys>
						<VersionInfoKeys Name="CompanyName"/>
						<VersionInfoKeys Name="FileDescription"/>
						<VersionInfoKeys Name="FileVersion">1.0.0.0</VersionInfoKeys>
						<VersionInfoKeys Name="InternalName"/>
						<VersionInfoKeys Name="LegalCopyright"/>
						<VersionInfoKeys Name="LegalTrademarks"/>
						<VersionInfoKeys Name="OriginalFilename"/>
						<VersionInfoKeys Name="ProductName"/>
						<VersionInfoKeys Name="ProductVersion">1.0.0.0</VersionInfoKeys>
						<VersionInfoKeys Name="Comments"/>
					</VersionInfoKeys>
					<Source>
						<Source Name="MainSource">phxParticleEditor.dpr</Source>
					</Source>
				</Delphi.Personality>
				<Deployment/>
				<Platforms>
					<Platform value="Win64">False</Platform>
					<Platform value="Win32">True</Platform>
				</Platforms>
			</BorlandProject>
			<ProjectFileVersion>12</ProjectFileVersion>
		</ProjectExtensions>
		<Import Condition="Exists('$(BDS)\Bin\CodeGear.Delphi.Targets')" Project="$(BDS)\Bin\CodeGear.Delphi.Targets"/>
		<Import Condition="Exists('$(APPDATA)\Embarcadero\$(BDSAPPDATABASEDIR)\$(PRODUCTVERSION)\UserTools.proj')" Project="$(APPDATA)\Embarcadero\$(BDSAPPDATABASEDIR)\$(PRODUCTVERSION)\UserTools.proj"/>
	</Project>
